PackratFormat: 1.4
PackratVersion: 0.4.8.1
RVersion: 3.4.0
Repos: CRAN=https://cran.rstudio.com/

Package: BH
Source: CRAN
Version: 1.62.0-1

Package: R6
Source: CRAN
Version: 2.2.1
Hash: 530f0b839551f96ec991ce4f93156ee1

Package: Rcpp
Source: CRAN
Version: 0.12.11
Hash: 2ee22f3b5e75dec80b1d8eca61cd96d8

Package: assertthat
Source: CRAN
Version: 0.2.0
Hash: e8805df54c65ac96d50235c44a82615c

Package: backports
Source: CRAN
Version: 1.1.0
Hash: 3f754426ca2b7dbbf63951fe5075373b

Package: base64enc
Source: CRAN
Version: 0.1-3
Hash: c590d29e555926af053055e23ee79efb

Package: bitops
Source: CRAN
Version: 1.0-6
Hash: 67d0775189fd0041d95abca618c5c07e

Package: brew
Source: CRAN
Version: 1.0-6
Hash: 931f9972deae0f205e1c78a51f33149b

Package: caTools
Source: CRAN
Version: 1.17.1
Requires: bitops
Hash: 97cb6f6293cd18d17df77a6383cc6763

Package: commonmark
Source: CRAN
Version: 1.2
Hash: 1290583b9d16fb60322126a8698fb729

Package: crayon
Source: CRAN
Version: 1.3.2
Hash: 576a9d297a567d6a5ebd164ca5221590

Package: desc
Source: CRAN
Version: 1.1.0
Requires: R6, assertthat, crayon, rprojroot
Hash: 346d3477f87b89692dd1379eaed1a1be

Package: digest
Source: CRAN
Version: 0.6.12
Hash: e53fb8c58673df868183697e39a6a4d6

Package: evaluate
Source: CRAN
Version: 0.10
Requires: stringr
Hash: c3601a10c987d439e0c63ec635234a76

Package: highr
Source: CRAN
Version: 0.6
Hash: aa3d5b7912b5fed4b546ed5cd2a1760b

Package: htmltools
Source: CRAN
Version: 0.3.6
Requires: Rcpp, digest
Hash: eeba9fb36d4cb6cc66f060187102be41

Package: jsonlite
Source: CRAN
Version: 1.4
Hash: 24cc0ffeb1771d710173d9803a131870

Package: knitr
Source: CRAN
Version: 1.16
Requires: digest, evaluate, highr, markdown, stringr, yaml
Hash: 3b8dc00d51027c6d041d56bc92136452

Package: magrittr
Source: CRAN
Version: 1.5
Hash: bdc4d48c3135e8f3b399536ddf160df4

Package: markdown
Source: CRAN
Version: 0.8
Requires: mime
Hash: 045d7c594d503b41f1c28946d076c8aa

Package: mime
Source: CRAN
Version: 0.5
Hash: 463550cf44fb6f0a2359368f42eebe62

Package: packrat
Source: CRAN
Version: 0.4.8-1
Hash: 6ad605ba7b4b476d84be6632393f5765

Package: praise
Source: CRAN
Version: 1.0.0
Hash: 77da8f1df873a4b91e5c4a68fe2fb1b6

Package: rmarkdown
Source: CRAN
Version: 1.5
Requires: base64enc, caTools, evaluate, htmltools, jsonlite, knitr,
    rprojroot, yaml
Hash: b37fc27c2604de97b4981eeae7a00879

Package: roxygen2
Source: CRAN
Version: 6.0.1
Requires: R6, Rcpp, brew, commonmark, desc, digest, stringi, stringr,
    xml2
Hash: 5ec390c33d6b969ceea50bf7456456f8

Package: rprojroot
Source: CRAN
Version: 1.2
Requires: backports
Hash: fdcac51a7f47decd60556ceefc3c26b1

Package: stringi
Source: CRAN
Version: 1.1.5
Hash: b6308e49357a0b475f433599e0d8b5eb

Package: stringr
Source: CRAN
Version: 1.2.0
Requires: magrittr, stringi
Hash: 25a86d7f410513ebb7c0bc6a5e16bdc3

Package: testthat
Source: CRAN
Version: 1.0.2
Requires: R6, crayon, digest, magrittr, praise
Hash: 88d5291104227f9dc2e7c7c1d0eb6c74

Package: xml2
Source: CRAN
Version: 1.1.1
Requires: BH, Rcpp
Hash: 35dbee121bb8d76347677290ba1c6a06

Package: yaml
Source: CRAN
Version: 2.1.14
Hash: c81230c3a7d9ba20607ad6b4331173d1
